
Microsoft Visual Studio Solution File, Format Version 12.00
# Visual Studio Version 16
VisualStudioVersion = 16.0.30711.63
MinimumVisualStudioVersion = 10.0.40219.1
Project("{8BC9CEB8-8B4A-11D0-8D11-00A0C91BC942}") = "5.1(B)", "5.1(B)\5.1(B).vcxproj", "{E38FC532-1A72-4C7F-8FBB-B364D841EF15}"
EndProject
Project("{8BC9CEB8-8B4A-11D0-8D11-00A0C91BC942}") = "UnitTest1", "UnitTest1\UnitTest1.vcxproj", "{9CBB3108-DD76-4576-BAC6-5FDDD7FC8F39}"
EndProject
Global
	GlobalSection(SolutionConfigurationPlatforms) = preSolution
		Debug|x64 = Debug|x64
		Debug|x86 = Debug|x86
		Release|x64 = Release|x64
		Release|x86 = Release|x86
	EndGlobalSection
	GlobalSection(ProjectConfigurationPlatforms) = postSolution
		{E38FC532-1A72-4C7F-8FBB-B364D841EF15}.Debug|x64.ActiveCfg = Debug|x64
		{E38FC532-1A72-4C7F-8FBB-B364D841EF15}.Debug|x64.Build.0 = Debug|x64
		{E38FC532-1A72-4C7F-8FBB-B364D841EF15}.Debug|x86.ActiveCfg = Debug|Win32
		{E38FC532-1A72-4C7F-8FBB-B364D841EF15}.Debug|x86.Build.0 = Debug|Win32
		{E38FC532-1A72-4C7F-8FBB-B364D841EF15}.Release|x64.ActiveCfg = Release|x64
		{E38FC532-1A72-4C7F-8FBB-B364D841EF15}.Release|x64.Build.0 = Release|x64
		{E38FC532-1A72-4C7F-8FBB-B364D841EF15}.Release|x86.ActiveCfg = Release|Win32
		{E38FC532-1A72-4C7F-8FBB-B364D841EF15}.Release|x86.Build.0 = Release|Win32
		{9CBB3108-DD76-4576-BAC6-5FDDD7FC8F39}.Debug|x64.ActiveCfg = Debug|x64
		{9CBB3108-DD76-4576-BAC6-5FDDD7FC8F39}.Debug|x64.Build.0 = Debug|x64
		{9CBB3108-DD76-4576-BAC6-5FDDD7FC8F39}.Debug|x86.ActiveCfg = Debug|Win32
		{9CBB3108-DD76-4576-BAC6-5FDDD7FC8F39}.Debug|x86.Build.0 = Debug|Win32
		{9CBB3108-DD76-4576-BAC6-5FDDD7FC8F39}.Release|x64.ActiveCfg = Release|x64
		{9CBB3108-DD76-4576-BAC6-5FDDD7FC8F39}.Release|x64.Build.0 = Release|x64
		{9CBB3108-DD76-4576-BAC6-5FDDD7FC8F39}.Release|x86.ActiveCfg = Release|Win32
		{9CBB3108-DD76-4576-BAC6-5FDDD7FC8F39}.Release|x86.Build.0 = Release|Win32
	EndGlobalSection
	GlobalSection(SolutionProperties) = preSolution
		HideSolutionNode = FALSE
	EndGlobalSection
	GlobalSection(ExtensibilityGlobals) = postSolution
		SolutionGuid = {8E4E43A6-790A-482B-B174-174A8997F316}
	EndGlobalSection
EndGlobal
